{
  "object": {
    "pins": [
      {
        "package": "Commandant",
        "repositoryURL": "https://github.com/Carthage/Commandant.git",
        "state": {
          "branch": null,
          "revision": "07cad52573bad19d95844035bf0b25acddf6b0f6",
          "version": "0.15.0"
        }
      },
      {
        "package": "Nimble",
        "repositoryURL": "https://github.com/Quick/Nimble.git",
        "state": {
          "branch": null,
          "revision": "e9d769113660769a4d9dd3afb855562c0b7ae7b0",
          "version": "7.3.4"
        }
      },
      {
        "package": "Quick",
        "repositoryURL": "https://github.com/Quick/Quick.git",
        "state": {
          "branch": null,
          "revision": "f2b5a06440ea87eba1a167cab37bf6496646c52e",
          "version": "1.3.4"
        }
      },
      {
        "package": "Result",
        "repositoryURL": "https://github.com/antitypical/Result.git",
        "state": {
          "branch": null,
          "revision": "2ca499ba456795616fbc471561ff1d963e6ae160",
          "version": "4.1.0"
        }
      },
      {
        "package": "SourceKitten",
        "repositoryURL": "https://github.com/jpsim/SourceKitten.git",
        "state": {
          "branch": null,
          "revision": "176f04295a09324673245d8ec0afcce21ace8722",
          "version": "0.22.0"
        }
      },
      {
        "package": "SwiftLint",
        "repositoryURL": "https://github.com/Realm/SwiftLint",
        "state": {
          "branch": null,
          "revision": "b2d428a4e24abd4f7cfeb0cd610b1656fb48c4a9",
          "version": "0.30.1"
        }
      },
      {
        "package": "SwiftyTextTable",
        "repositoryURL": "https://github.com/scottrhoyt/SwiftyTextTable.git",
        "state": {
          "branch": null,
          "revision": "7b8661865f0d9590a4b7c146237fecd99f3d8406",
          "version": "0.8.2"
        }
      },
      {
        "package": "SWXMLHash",
        "repositoryURL": "https://github.com/drmohundro/SWXMLHash.git",
        "state": {
          "branch": null,
          "revision": "9ba116841126f6c63435beef21a4cd247c32d2e7",
          "version": "4.7.6"
        }
      },
      {
        "package": "Yams",
        "repositoryURL": "https://github.com/jpsim/Yams.git",
        "state": {
          "branch": null,
          "revision": "26ab35f50ea891e8edefcc9d975db2f6b67e1d68",
          "version": "1.0.1"
        }
      }
    ]
  },
  "version": 1
}
