// !$*UTF8*$!
{
	archiveVersion = 1;
	classes = {
	};
	objectVersion = 50;
	objects = {

/* Begin PBXBuildFile section */
		438D15AC21FFBFCB0001E86B /* Nantes.framework in Frameworks */ = {isa = PBXBuildFile; fileRef = 438D15A221FFBFCA0001E86B /* Nantes.framework */; };
		438D15B121FFBFCB0001E86B /* NantesTests.swift in Sources */ = {isa = PBXBuildFile; fileRef = 438D15B021FFBFCB0001E86B /* NantesTests.swift */; };
		438D15C521FFC0560001E86B /* Nantes.h in Headers */ = {isa = PBXBuildFile; fileRef = 438D15C321FFC0560001E86B /* Nantes.h */; settings = {ATTRIBUTES = (Public, ); }; };
		438D15C621FFC0560001E86B /* NantesLabel.swift in Sources */ = {isa = PBXBuildFile; fileRef = 438D15C421FFC0560001E86B /* NantesLabel.swift */; };
		43DAAC69226A25A300A7B87D /* SnapshotTesting.framework in Frameworks */ = {isa = PBXBuildFile; fileRef = 43DAAC68226A25A300A7B87D /* SnapshotTesting.framework */; };
		43DAAC6B226A25AC00A7B87D /* SnapshotTesting.framework in CopyFiles */ = {isa = PBXBuildFile; fileRef = 43DAAC68226A25A300A7B87D /* SnapshotTesting.framework */; settings = {ATTRIBUTES = (CodeSignOnCopy, RemoveHeadersOnCopy, ); }; };
		43DAAC6F226A25F400A7B87D /* SnapshotTests.swift in Sources */ = {isa = PBXBuildFile; fileRef = 43DAAC6E226A25F400A7B87D /* SnapshotTests.swift */; };
		AD90497422B1F73F00069E38 /* Accessibility.swift in Sources */ = {isa = PBXBuildFile; fileRef = AD90497322B1F73F00069E38 /* Accessibility.swift */; };
		AD90497722B1F74500069E38 /* Link.swift in Sources */ = {isa = PBXBuildFile; fileRef = AD90497522B1F74500069E38 /* Link.swift */; };
		AD90497822B1F74500069E38 /* Actions.swift in Sources */ = {isa = PBXBuildFile; fileRef = AD90497622B1F74500069E38 /* Actions.swift */; };
		AD90497C22B1F74B00069E38 /* NSAttributedString.swift in Sources */ = {isa = PBXBuildFile; fileRef = AD90497922B1F74B00069E38 /* NSAttributedString.swift */; };
		AD90497D22B1F74B00069E38 /* NSAttributedStringKey.swift in Sources */ = {isa = PBXBuildFile; fileRef = AD90497A22B1F74B00069E38 /* NSAttributedStringKey.swift */; };
		AD90497E22B1F74B00069E38 /* NSRange.swift in Sources */ = {isa = PBXBuildFile; fileRef = AD90497B22B1F74B00069E38 /* NSRange.swift */; };
		AD90498022B1F75100069E38 /* LabelDelegate.swift in Sources */ = {isa = PBXBuildFile; fileRef = AD90497F22B1F75100069E38 /* LabelDelegate.swift */; };
		AD90498422B1F75700069E38 /* Drawing.swift in Sources */ = {isa = PBXBuildFile; fileRef = AD90498122B1F75700069E38 /* Drawing.swift */; };
		AD90498522B1F75700069E38 /* Scaling.swift in Sources */ = {isa = PBXBuildFile; fileRef = AD90498222B1F75700069E38 /* Scaling.swift */; };
		AD90498622B1F75700069E38 /* Truncation.swift in Sources */ = {isa = PBXBuildFile; fileRef = AD90498322B1F75700069E38 /* Truncation.swift */; };
		AD90498822B1F75D00069E38 /* Sizing.swift in Sources */ = {isa = PBXBuildFile; fileRef = AD90498722B1F75D00069E38 /* Sizing.swift */; };
		CD84185B234E8A3C002CDA3C /* NantesLabel.swift in Headers */ = {isa = PBXBuildFile; fileRef = 438D15C421FFC0560001E86B /* NantesLabel.swift */; settings = {ATTRIBUTES = (Public, ); }; };
		D27D90FF224D5B9C00290225 /* AttributedStringExtensionTests.swift in Sources */ = {isa = PBXBuildFile; fileRef = D27D90FE224D5B9C00290225 /* AttributedStringExtensionTests.swift */; };
/* End PBXBuildFile section */

/* Begin PBXContainerItemProxy section */
		438D15AD21FFBFCB0001E86B /* PBXContainerItemProxy */ = {
			isa = PBXContainerItemProxy;
			containerPortal = 438D159921FFBFCA0001E86B /* Project object */;
			proxyType = 1;
			remoteGlobalIDString = 438D15A121FFBFCA0001E86B;
			remoteInfo = Nantes;
		};
/* End PBXContainerItemProxy section */

/* Begin PBXCopyFilesBuildPhase section */
		43DAAC6A226A25A600A7B87D /* CopyFiles */ = {
			isa = PBXCopyFilesBuildPhase;
			buildActionMask = 2147483647;
			dstPath = "";
			dstSubfolderSpec = 10;
			files = (
				43DAAC6B226A25AC00A7B87D /* SnapshotTesting.framework in CopyFiles */,
			);
			runOnlyForDeploymentPostprocessing = 0;
		};
/* End PBXCopyFilesBuildPhase section */

/* Begin PBXFileReference section */
		438D15A221FFBFCA0001E86B /* Nantes.framework */ = {isa = PBXFileReference; explicitFileType = wrapper.framework; includeInIndex = 0; path = Nantes.framework; sourceTree = BUILT_PRODUCTS_DIR; };
		438D15A621FFBFCA0001E86B /* Info.plist */ = {isa = PBXFileReference; lastKnownFileType = text.plist.xml; path = Info.plist; sourceTree = "<group>"; };
		438D15AB21FFBFCB0001E86B /* NantesTests.xctest */ = {isa = PBXFileReference; explicitFileType = wrapper.cfbundle; includeInIndex = 0; path = NantesTests.xctest; sourceTree = BUILT_PRODUCTS_DIR; };
		438D15B021FFBFCB0001E86B /* NantesTests.swift */ = {isa = PBXFileReference; lastKnownFileType = sourcecode.swift; path = NantesTests.swift; sourceTree = "<group>"; };
		438D15B221FFBFCB0001E86B /* Info.plist */ = {isa = PBXFileReference; lastKnownFileType = text.plist.xml; path = Info.plist; sourceTree = "<group>"; };
		438D15C321FFC0560001E86B /* Nantes.h */ = {isa = PBXFileReference; fileEncoding = 4; lastKnownFileType = sourcecode.c.h; name = Nantes.h; path = ../../Source/Classes/Nantes.h; sourceTree = "<group>"; };
		438D15C421FFC0560001E86B /* NantesLabel.swift */ = {isa = PBXFileReference; fileEncoding = 4; lastKnownFileType = sourcecode.swift; name = NantesLabel.swift; path = ../../Source/Classes/NantesLabel.swift; sourceTree = "<group>"; };
		43DAAC68226A25A300A7B87D /* SnapshotTesting.framework */ = {isa = PBXFileReference; lastKnownFileType = wrapper.framework; name = SnapshotTesting.framework; path = Carthage/Build/iOS/SnapshotTesting.framework; sourceTree = "<group>"; };
		43DAAC6E226A25F400A7B87D /* SnapshotTests.swift */ = {isa = PBXFileReference; fileEncoding = 4; lastKnownFileType = sourcecode.swift; path = SnapshotTests.swift; sourceTree = "<group>"; };
		AD90497322B1F73F00069E38 /* Accessibility.swift */ = {isa = PBXFileReference; fileEncoding = 4; lastKnownFileType = sourcecode.swift; path = Accessibility.swift; sourceTree = "<group>"; };
		AD90497522B1F74500069E38 /* Link.swift */ = {isa = PBXFileReference; fileEncoding = 4; lastKnownFileType = sourcecode.swift; path = Link.swift; sourceTree = "<group>"; };
		AD90497622B1F74500069E38 /* Actions.swift */ = {isa = PBXFileReference; fileEncoding = 4; lastKnownFileType = sourcecode.swift; path = Actions.swift; sourceTree = "<group>"; };
		AD90497922B1F74B00069E38 /* NSAttributedString.swift */ = {isa = PBXFileReference; fileEncoding = 4; lastKnownFileType = sourcecode.swift; path = NSAttributedString.swift; sourceTree = "<group>"; };
		AD90497A22B1F74B00069E38 /* NSAttributedStringKey.swift */ = {isa = PBXFileReference; fileEncoding = 4; lastKnownFileType = sourcecode.swift; path = NSAttributedStringKey.swift; sourceTree = "<group>"; };
		AD90497B22B1F74B00069E38 /* NSRange.swift */ = {isa = PBXFileReference; fileEncoding = 4; lastKnownFileType = sourcecode.swift; path = NSRange.swift; sourceTree = "<group>"; };
		AD90497F22B1F75100069E38 /* LabelDelegate.swift */ = {isa = PBXFileReference; fileEncoding = 4; lastKnownFileType = sourcecode.swift; path = LabelDelegate.swift; sourceTree = "<group>"; };
		AD90498122B1F75700069E38 /* Drawing.swift */ = {isa = PBXFileReference; fileEncoding = 4; lastKnownFileType = sourcecode.swift; path = Drawing.swift; sourceTree = "<group>"; };
		AD90498222B1F75700069E38 /* Scaling.swift */ = {isa = PBXFileReference; fileEncoding = 4; lastKnownFileType = sourcecode.swift; path = Scaling.swift; sourceTree = "<group>"; };
		AD90498322B1F75700069E38 /* Truncation.swift */ = {isa = PBXFileReference; fileEncoding = 4; lastKnownFileType = sourcecode.swift; path = Truncation.swift; sourceTree = "<group>"; };
		AD90498722B1F75D00069E38 /* Sizing.swift */ = {isa = PBXFileReference; fileEncoding = 4; lastKnownFileType = sourcecode.swift; path = Sizing.swift; sourceTree = "<group>"; };
		D27D90FE224D5B9C00290225 /* AttributedStringExtensionTests.swift */ = {isa = PBXFileReference; lastKnownFileType = sourcecode.swift; path = AttributedStringExtensionTests.swift; sourceTree = "<group>"; };
/* End PBXFileReference section */

/* Begin PBXFrameworksBuildPhase section */
		438D159F21FFBFCA0001E86B /* Frameworks */ = {
			isa = PBXFrameworksBuildPhase;
			buildActionMask = 2147483647;
			files = (
			);
			runOnlyForDeploymentPostprocessing = 0;
		};
		438D15A821FFBFCB0001E86B /* Frameworks */ = {
			isa = PBXFrameworksBuildPhase;
			buildActionMask = 2147483647;
			files = (
				43DAAC69226A25A300A7B87D /* SnapshotTesting.framework in Frameworks */,
				438D15AC21FFBFCB0001E86B /* Nantes.framework in Frameworks */,
			);
			runOnlyForDeploymentPostprocessing = 0;
		};
/* End PBXFrameworksBuildPhase section */

/* Begin PBXGroup section */
		438D159821FFBFCA0001E86B = {
			isa = PBXGroup;
			children = (
				438D15A421FFBFCA0001E86B /* Nantes */,
				438D15AF21FFBFCB0001E86B /* NantesTests */,
				438D15A321FFBFCA0001E86B /* Products */,
				43DAAC67226A25A300A7B87D /* Frameworks */,
			);
			sourceTree = "<group>";
		};
		438D15A321FFBFCA0001E86B /* Products */ = {
			isa = PBXGroup;
			children = (
				438D15A221FFBFCA0001E86B /* Nantes.framework */,
				438D15AB21FFBFCB0001E86B /* NantesTests.xctest */,
			);
			name = Products;
			sourceTree = "<group>";
		};
		438D15A421FFBFCA0001E86B /* Nantes */ = {
			isa = PBXGroup;
			children = (
				AD90497222B1F70200069E38 /* Accessibility */,
				AD90497122B1F6F900069E38 /* ActionHandling */,
				AD90497022B1F6F300069E38 /* Assets */,
				AD90496F22B1F6ED00069E38 /* Categories */,
				AD90496E22B1F6E800069E38 /* Delegate */,
				AD90496D22B1F6E400069E38 /* Drawing */,
				AD90496C22B1F6DA00069E38 /* Sizing */,
				438D15A621FFBFCA0001E86B /* Info.plist */,
				438D15C321FFC0560001E86B /* Nantes.h */,
				438D15C421FFC0560001E86B /* NantesLabel.swift */,
			);
			path = Nantes;
			sourceTree = "<group>";
		};
		438D15AF21FFBFCB0001E86B /* NantesTests */ = {
			isa = PBXGroup;
			children = (
				43DAAC6D226A25D800A7B87D /* Snapshot */,
				438D15B021FFBFCB0001E86B /* NantesTests.swift */,
				438D15B221FFBFCB0001E86B /* Info.plist */,
				D27D90FE224D5B9C00290225 /* AttributedStringExtensionTests.swift */,
			);
			path = NantesTests;
			sourceTree = "<group>";
		};
		43DAAC67226A25A300A7B87D /* Frameworks */ = {
			isa = PBXGroup;
			children = (
				43DAAC68226A25A300A7B87D /* SnapshotTesting.framework */,
			);
			name = Frameworks;
			sourceTree = "<group>";
		};
		43DAAC6D226A25D800A7B87D /* Snapshot */ = {
			isa = PBXGroup;
			children = (
				43DAAC6E226A25F400A7B87D /* SnapshotTests.swift */,
			);
			path = Snapshot;
			sourceTree = "<group>";
		};
		AD90496C22B1F6DA00069E38 /* Sizing */ = {
			isa = PBXGroup;
			children = (
				AD90498722B1F75D00069E38 /* Sizing.swift */,
			);
			name = Sizing;
			path = ../../Source/Classes/Sizing;
			sourceTree = "<group>";
		};
		AD90496D22B1F6E400069E38 /* Drawing */ = {
			isa = PBXGroup;
			children = (
				AD90498122B1F75700069E38 /* Drawing.swift */,
				AD90498222B1F75700069E38 /* Scaling.swift */,
				AD90498322B1F75700069E38 /* Truncation.swift */,
			);
			name = Drawing;
			path = ../../Source/Classes/Drawing;
			sourceTree = "<group>";
		};
		AD90496E22B1F6E800069E38 /* Delegate */ = {
			isa = PBXGroup;
			children = (
				AD90497F22B1F75100069E38 /* LabelDelegate.swift */,
			);
			name = Delegate;
			path = ../../Source/Classes/Delegate;
			sourceTree = "<group>";
		};
		AD90496F22B1F6ED00069E38 /* Categories */ = {
			isa = PBXGroup;
			children = (
				AD90497922B1F74B00069E38 /* NSAttributedString.swift */,
				AD90497A22B1F74B00069E38 /* NSAttributedStringKey.swift */,
				AD90497B22B1F74B00069E38 /* NSRange.swift */,
			);
			name = Categories;
			path = ../../Source/Classes/Categories;
			sourceTree = "<group>";
		};
		AD90497022B1F6F300069E38 /* Assets */ = {
			isa = PBXGroup;
			children = (
			);
			name = Assets;
			path = ../../Source/Classes/Assets;
			sourceTree = "<group>";
		};
		AD90497122B1F6F900069E38 /* ActionHandling */ = {
			isa = PBXGroup;
			children = (
				AD90497622B1F74500069E38 /* Actions.swift */,
				AD90497522B1F74500069E38 /* Link.swift */,
			);
			name = ActionHandling;
			path = ../../Source/Classes/ActionHandling;
			sourceTree = "<group>";
		};
		AD90497222B1F70200069E38 /* Accessibility */ = {
			isa = PBXGroup;
			children = (
				AD90497322B1F73F00069E38 /* Accessibility.swift */,
			);
			name = Accessibility;
			path = ../../Source/Classes/Accessibility;
			sourceTree = "<group>";
		};
/* End PBXGroup section */

/* Begin PBXHeadersBuildPhase section */
		438D159D21FFBFCA0001E86B /* Headers */ = {
			isa = PBXHeadersBuildPhase;
			buildActionMask = 2147483647;
			files = (
				438D15C521FFC0560001E86B /* Nantes.h in Headers */,
				CD84185B234E8A3C002CDA3C /* NantesLabel.swift in Headers */,
			);
			runOnlyForDeploymentPostprocessing = 0;
		};
/* End PBXHeadersBuildPhase section */

/* Begin PBXNativeTarget section */
		438D15A121FFBFCA0001E86B /* Nantes */ = {
			isa = PBXNativeTarget;
			buildConfigurationList = 438D15B621FFBFCB0001E86B /* Build configuration list for PBXNativeTarget "Nantes" */;
			buildPhases = (
				438D159D21FFBFCA0001E86B /* Headers */,
				438D159E21FFBFCA0001E86B /* Sources */,
				438D159F21FFBFCA0001E86B /* Frameworks */,
				438D15A021FFBFCA0001E86B /* Resources */,
				431D2B4722178C53000184FA /* Lint */,
			);
			buildRules = (
			);
			dependencies = (
			);
			name = Nantes;
			productName = Nantes;
			productReference = 438D15A221FFBFCA0001E86B /* Nantes.framework */;
			productType = "com.apple.product-type.framework";
		};
		438D15AA21FFBFCB0001E86B /* NantesTests */ = {
			isa = PBXNativeTarget;
			buildConfigurationList = 438D15B921FFBFCB0001E86B /* Build configuration list for PBXNativeTarget "NantesTests" */;
			buildPhases = (
				438D15A721FFBFCB0001E86B /* Sources */,
				438D15A821FFBFCB0001E86B /* Frameworks */,
				438D15A921FFBFCB0001E86B /* Resources */,
				43DAAC6A226A25A600A7B87D /* CopyFiles */,
			);
			buildRules = (
			);
			dependencies = (
				438D15AE21FFBFCB0001E86B /* PBXTargetDependency */,
			);
			name = NantesTests;
			productName = NantesTests;
			productReference = 438D15AB21FFBFCB0001E86B /* NantesTests.xctest */;
			productType = "com.apple.product-type.bundle.unit-test";
		};
/* End PBXNativeTarget section */

/* Begin PBXProject section */
		438D159921FFBFCA0001E86B /* Project object */ = {
			isa = PBXProject;
			attributes = {
				LastSwiftUpdateCheck = 1010;
				LastUpgradeCheck = 1010;
				ORGANIZATIONNAME = Instacart;
				TargetAttributes = {
					438D15A121FFBFCA0001E86B = {
						CreatedOnToolsVersion = 10.1;
						LastSwiftMigration = 1020;
					};
					438D15AA21FFBFCB0001E86B = {
						CreatedOnToolsVersion = 10.1;
						LastSwiftMigration = 1020;
					};
				};
			};
			buildConfigurationList = 438D159C21FFBFCA0001E86B /* Build configuration list for PBXProject "Nantes" */;
			compatibilityVersion = "Xcode 9.3";
			developmentRegion = en;
			hasScannedForEncodings = 0;
			knownRegions = (
				en,
				Base,
			);
			mainGroup = 438D159821FFBFCA0001E86B;
			productRefGroup = 438D15A321FFBFCA0001E86B /* Products */;
			projectDirPath = "";
			projectRoot = "";
			targets = (
				438D15A121FFBFCA0001E86B /* Nantes */,
				438D15AA21FFBFCB0001E86B /* NantesTests */,
			);
		};
/* End PBXProject section */

/* Begin PBXResourcesBuildPhase section */
		438D15A021FFBFCA0001E86B /* Resources */ = {
			isa = PBXResourcesBuildPhase;
			buildActionMask = 2147483647;
			files = (
			);
			runOnlyForDeploymentPostprocessing = 0;
		};
		438D15A921FFBFCB0001E86B /* Resources */ = {
			isa = PBXResourcesBuildPhase;
			buildActionMask = 2147483647;
			files = (
			);
			runOnlyForDeploymentPostprocessing = 0;
		};
/* End PBXResourcesBuildPhase section */

/* Begin PBXShellScriptBuildPhase section */
		431D2B4722178C53000184FA /* Lint */ = {
			isa = PBXShellScriptBuildPhase;
			buildActionMask = 12;
			files = (
			);
			inputFileListPaths = (
			);
			inputPaths = (
			);
			name = Lint;
			outputFileListPaths = (
			);
			outputPaths = (
			);
			runOnlyForDeploymentPostprocessing = 0;
			shellPath = /bin/sh;
			shellScript = "if [ -z \"$CARTHAGE\" ]\nthen\n    swift run swiftlint --path .. --strict --quiet\nfi\n";
		};
/* End PBXShellScriptBuildPhase section */

/* Begin PBXSourcesBuildPhase section */
		438D159E21FFBFCA0001E86B /* Sources */ = {
			isa = PBXSourcesBuildPhase;
			buildActionMask = 2147483647;
			files = (
				AD90497722B1F74500069E38 /* Link.swift in Sources */,
				AD90498622B1F75700069E38 /* Truncation.swift in Sources */,
				AD90498022B1F75100069E38 /* LabelDelegate.swift in Sources */,
				AD90497822B1F74500069E38 /* Actions.swift in Sources */,
				AD90498522B1F75700069E38 /* Scaling.swift in Sources */,
				AD90497C22B1F74B00069E38 /* NSAttributedString.swift in Sources */,
				AD90497E22B1F74B00069E38 /* NSRange.swift in Sources */,
				AD90498422B1F75700069E38 /* Drawing.swift in Sources */,
				AD90497422B1F73F00069E38 /* Accessibility.swift in Sources */,
				438D15C621FFC0560001E86B /* NantesLabel.swift in Sources */,
				AD90497D22B1F74B00069E38 /* NSAttributedStringKey.swift in Sources */,
				AD90498822B1F75D00069E38 /* Sizing.swift in Sources */,
			);
			runOnlyForDeploymentPostprocessing = 0;
		};
		438D15A721FFBFCB0001E86B /* Sources */ = {
			isa = PBXSourcesBuildPhase;
			buildActionMask = 2147483647;
			files = (
				D27D90FF224D5B9C00290225 /* AttributedStringExtensionTests.swift in Sources */,
				43DAAC6F226A25F400A7B87D /* SnapshotTests.swift in Sources */,
				438D15B121FFBFCB0001E86B /* NantesTests.swift in Sources */,
			);
			runOnlyForDeploymentPostprocessing = 0;
		};
/* End PBXSourcesBuildPhase section */

/* Begin PBXTargetDependency section */
		438D15AE21FFBFCB0001E86B /* PBXTargetDependency */ = {
			isa = PBXTargetDependency;
			target = 438D15A121FFBFCA0001E86B /* Nantes */;
			targetProxy = 438D15AD21FFBFCB0001E86B /* PBXContainerItemProxy */;
		};
/* End PBXTargetDependency section */

/* Begin XCBuildConfiguration section */
		438D15B421FFBFCB0001E86B /* Debug */ = {
			isa = XCBuildConfiguration;
			buildSettings = {
				ALWAYS_SEARCH_USER_PATHS = NO;
				CLANG_ANALYZER_NONNULL = YES;
				CLANG_ANALYZER_NUMBER_OBJECT_CONVERSION = YES_AGGRESSIVE;
				CLANG_CXX_LANGUAGE_STANDARD = "gnu++14";
				CLANG_CXX_LIBRARY = "libc++";
				CLANG_ENABLE_MODULES = YES;
				CLANG_ENABLE_OBJC_ARC = YES;
				CLANG_ENABLE_OBJC_WEAK = YES;
				CLANG_WARN_BLOCK_CAPTURE_AUTORELEASING = YES;
				CLANG_WARN_BOOL_CONVERSION = YES;
				CLANG_WARN_COMMA = YES;
				CLANG_WARN_CONSTANT_CONVERSION = YES;
				CLANG_WARN_DEPRECATED_OBJC_IMPLEMENTATIONS = YES;
				CLANG_WARN_DIRECT_OBJC_ISA_USAGE = YES_ERROR;
				CLANG_WARN_DOCUMENTATION_COMMENTS = YES;
				CLANG_WARN_EMPTY_BODY = YES;
				CLANG_WARN_ENUM_CONVERSION = YES;
				CLANG_WARN_INFINITE_RECURSION = YES;
				CLANG_WARN_INT_CONVERSION = YES;
				CLANG_WARN_NON_LITERAL_NULL_CONVERSION = YES;
				CLANG_WARN_OBJC_IMPLICIT_RETAIN_SELF = YES;
				CLANG_WARN_OBJC_LITERAL_CONVERSION = YES;
				CLANG_WARN_OBJC_ROOT_CLASS = YES_ERROR;
				CLANG_WARN_RANGE_LOOP_ANALYSIS = YES;
				CLANG_WARN_STRICT_PROTOTYPES = YES;
				CLANG_WARN_SUSPICIOUS_MOVE = YES;
				CLANG_WARN_UNGUARDED_AVAILABILITY = YES_AGGRESSIVE;
				CLANG_WARN_UNREACHABLE_CODE = YES;
				CLANG_WARN__DUPLICATE_METHOD_MATCH = YES;
				CODE_SIGN_IDENTITY = "iPhone Developer";
				COPY_PHASE_STRIP = NO;
				CURRENT_PROJECT_VERSION = 1;
				DEBUG_INFORMATION_FORMAT = dwarf;
				ENABLE_STRICT_OBJC_MSGSEND = YES;
				ENABLE_TESTABILITY = YES;
				GCC_C_LANGUAGE_STANDARD = gnu11;
				GCC_DYNAMIC_NO_PIC = NO;
				GCC_NO_COMMON_BLOCKS = YES;
				GCC_OPTIMIZATION_LEVEL = 0;
				GCC_PREPROCESSOR_DEFINITIONS = (
					"DEBUG=1",
					"$(inherited)",
				);
				GCC_WARN_64_TO_32_BIT_CONVERSION = YES;
				GCC_WARN_ABOUT_RETURN_TYPE = YES_ERROR;
				GCC_WARN_UNDECLARED_SELECTOR = YES;
				GCC_WARN_UNINITIALIZED_AUTOS = YES_AGGRESSIVE;
				GCC_WARN_UNUSED_FUNCTION = YES;
				GCC_WARN_UNUSED_VARIABLE = YES;
				IPHONEOS_DEPLOYMENT_TARGET = 12.1;
				MTL_ENABLE_DEBUG_INFO = INCLUDE_SOURCE;
				MTL_FAST_MATH = YES;
				ONLY_ACTIVE_ARCH = YES;
				SDKROOT = iphoneos;
				SWIFT_ACTIVE_COMPILATION_CONDITIONS = DEBUG;
				SWIFT_OPTIMIZATION_LEVEL = "-Onone";
				VERSIONING_SYSTEM = "apple-generic";
				VERSION_INFO_PREFIX = "";
			};
			name = Debug;
		};
		438D15B521FFBFCB0001E86B /* Release */ = {
			isa = XCBuildConfiguration;
			buildSettings = {
				ALWAYS_SEARCH_USER_PATHS = NO;
				CLANG_ANALYZER_NONNULL = YES;
				CLANG_ANALYZER_NUMBER_OBJECT_CONVERSION = YES_AGGRESSIVE;
				CLANG_CXX_LANGUAGE_STANDARD = "gnu++14";
				CLANG_CXX_LIBRARY = "libc++";
				CLANG_ENABLE_MODULES = YES;
				CLANG_ENABLE_OBJC_ARC = YES;
				CLANG_ENABLE_OBJC_WEAK = YES;
				CLANG_WARN_BLOCK_CAPTURE_AUTORELEASING = YES;
				CLANG_WARN_BOOL_CONVERSION = YES;
				CLANG_WARN_COMMA = YES;
				CLANG_WARN_CONSTANT_CONVERSION = YES;
				CLANG_WARN_DEPRECATED_OBJC_IMPLEMENTATIONS = YES;
				CLANG_WARN_DIRECT_OBJC_ISA_USAGE = YES_ERROR;
				CLANG_WARN_DOCUMENTATION_COMMENTS = YES;
				CLANG_WARN_EMPTY_BODY = YES;
				CLANG_WARN_ENUM_CONVERSION = YES;
				CLANG_WARN_INFINITE_RECURSION = YES;
				CLANG_WARN_INT_CONVERSION = YES;
				CLANG_WARN_NON_LITERAL_NULL_CONVERSION = YES;
				CLANG_WARN_OBJC_IMPLICIT_RETAIN_SELF = YES;
				CLANG_WARN_OBJC_LITERAL_CONVERSION = YES;
				CLANG_WARN_OBJC_ROOT_CLASS = YES_ERROR;
				CLANG_WARN_RANGE_LOOP_ANALYSIS = YES;
				CLANG_WARN_STRICT_PROTOTYPES = YES;
				CLANG_WARN_SUSPICIOUS_MOVE = YES;
				CLANG_WARN_UNGUARDED_AVAILABILITY = YES_AGGRESSIVE;
				CLANG_WARN_UNREACHABLE_CODE = YES;
				CLANG_WARN__DUPLICATE_METHOD_MATCH = YES;
				CODE_SIGN_IDENTITY = "iPhone Developer";
				COPY_PHASE_STRIP = NO;
				CURRENT_PROJECT_VERSION = 1;
				DEBUG_INFORMATION_FORMAT = "dwarf-with-dsym";
				ENABLE_NS_ASSERTIONS = NO;
				ENABLE_STRICT_OBJC_MSGSEND = YES;
				GCC_C_LANGUAGE_STANDARD = gnu11;
				GCC_NO_COMMON_BLOCKS = YES;
				GCC_WARN_64_TO_32_BIT_CONVERSION = YES;
				GCC_WARN_ABOUT_RETURN_TYPE = YES_ERROR;
				GCC_WARN_UNDECLARED_SELECTOR = YES;
				GCC_WARN_UNINITIALIZED_AUTOS = YES_AGGRESSIVE;
				GCC_WARN_UNUSED_FUNCTION = YES;
				GCC_WARN_UNUSED_VARIABLE = YES;
				IPHONEOS_DEPLOYMENT_TARGET = 12.1;
				MTL_ENABLE_DEBUG_INFO = NO;
				MTL_FAST_MATH = YES;
				SDKROOT = iphoneos;
				SWIFT_COMPILATION_MODE = wholemodule;
				SWIFT_OPTIMIZATION_LEVEL = "-O";
				VALIDATE_PRODUCT = YES;
				VERSIONING_SYSTEM = "apple-generic";
				VERSION_INFO_PREFIX = "";
			};
			name = Release;
		};
		438D15B721FFBFCB0001E86B /* Debug */ = {
			isa = XCBuildConfiguration;
			buildSettings = {
				CLANG_ENABLE_MODULES = YES;
				CODE_SIGN_IDENTITY = "";
				CODE_SIGN_STYLE = Manual;
				DEFINES_MODULE = YES;
				DEVELOPMENT_TEAM = "";
				DYLIB_COMPATIBILITY_VERSION = 1;
				DYLIB_CURRENT_VERSION = 1;
				DYLIB_INSTALL_NAME_BASE = "@rpath";
				INFOPLIST_FILE = Nantes/Info.plist;
				INSTALL_PATH = "$(LOCAL_LIBRARY_DIR)/Frameworks";
				IPHONEOS_DEPLOYMENT_TARGET = 8.0;
				LD_RUNPATH_SEARCH_PATHS = (
					"$(inherited)",
					"@executable_path/Frameworks",
					"@loader_path/Frameworks",
				);
				PRODUCT_BUNDLE_IDENTIFIER = com.instacart.Nantes;
				PRODUCT_NAME = "$(TARGET_NAME:c99extidentifier)";
				PROVISIONING_PROFILE_SPECIFIER = "";
				SKIP_INSTALL = YES;
				SWIFT_OPTIMIZATION_LEVEL = "-Onone";
				SWIFT_VERSION = 5.0;
				TARGETED_DEVICE_FAMILY = "1,2";
			};
			name = Debug;
		};
		438D15B821FFBFCB0001E86B /* Release */ = {
			isa = XCBuildConfiguration;
			buildSettings = {
				CLANG_ENABLE_MODULES = YES;
				CODE_SIGN_IDENTITY = "";
				CODE_SIGN_STYLE = Manual;
				DEFINES_MODULE = YES;
				DEVELOPMENT_TEAM = "";
				DYLIB_COMPATIBILITY_VERSION = 1;
				DYLIB_CURRENT_VERSION = 1;
				DYLIB_INSTALL_NAME_BASE = "@rpath";
				INFOPLIST_FILE = Nantes/Info.plist;
				INSTALL_PATH = "$(LOCAL_LIBRARY_DIR)/Frameworks";
				IPHONEOS_DEPLOYMENT_TARGET = 8.0;
				LD_RUNPATH_SEARCH_PATHS = (
					"$(inherited)",
					"@executable_path/Frameworks",
					"@loader_path/Frameworks",
				);
				PRODUCT_BUNDLE_IDENTIFIER = com.instacart.Nantes;
				PRODUCT_NAME = "$(TARGET_NAME:c99extidentifier)";
				PROVISIONING_PROFILE_SPECIFIER = "";
				SKIP_INSTALL = YES;
				SWIFT_VERSION = 5.0;
				TARGETED_DEVICE_FAMILY = "1,2";
			};
			name = Release;
		};
		438D15BA21FFBFCB0001E86B /* Debug */ = {
			isa = XCBuildConfiguration;
			buildSettings = {
				ALWAYS_EMBED_SWIFT_STANDARD_LIBRARIES = YES;
				CODE_SIGN_STYLE = Automatic;
				DEVELOPMENT_TEAM = 59VC75K95Z;
				FRAMEWORK_SEARCH_PATHS = (
					"$(inherited)",
					"$(PROJECT_DIR)/Carthage/Build/iOS",
				);
				INFOPLIST_FILE = NantesTests/Info.plist;
				LD_RUNPATH_SEARCH_PATHS = (
					"$(inherited)",
					"@executable_path/Frameworks",
					"@loader_path/Frameworks",
				);
				PRODUCT_BUNDLE_IDENTIFIER = com.instacart.NantesTests;
				PRODUCT_NAME = "$(TARGET_NAME)";
				SWIFT_VERSION = 5.0;
				TARGETED_DEVICE_FAMILY = "1,2";
			};
			name = Debug;
		};
		438D15BB21FFBFCB0001E86B /* Release */ = {
			isa = XCBuildConfiguration;
			buildSettings = {
				ALWAYS_EMBED_SWIFT_STANDARD_LIBRARIES = YES;
				CODE_SIGN_STYLE = Automatic;
				DEVELOPMENT_TEAM = 59VC75K95Z;
				FRAMEWORK_SEARCH_PATHS = (
					"$(inherited)",
					"$(PROJECT_DIR)/Carthage/Build/iOS",
				);
				INFOPLIST_FILE = NantesTests/Info.plist;
				LD_RUNPATH_SEARCH_PATHS = (
					"$(inherited)",
					"@executable_path/Frameworks",
					"@loader_path/Frameworks",
				);
				PRODUCT_BUNDLE_IDENTIFIER = com.instacart.NantesTests;
				PRODUCT_NAME = "$(TARGET_NAME)";
				SWIFT_VERSION = 5.0;
				TARGETED_DEVICE_FAMILY = "1,2";
			};
			name = Release;
		};
/* End XCBuildConfiguration section */

/* Begin XCConfigurationList section */
		438D159C21FFBFCA0001E86B /* Build configuration list for PBXProject "Nantes" */ = {
			isa = XCConfigurationList;
			buildConfigurations = (
				438D15B421FFBFCB0001E86B /* Debug */,
				438D15B521FFBFCB0001E86B /* Release */,
			);
			defaultConfigurationIsVisible = 0;
			defaultConfigurationName = Release;
		};
		438D15B621FFBFCB0001E86B /* Build configuration list for PBXNativeTarget "Nantes" */ = {
			isa = XCConfigurationList;
			buildConfigurations = (
				438D15B721FFBFCB0001E86B /* Debug */,
				438D15B821FFBFCB0001E86B /* Release */,
			);
			defaultConfigurationIsVisible = 0;
			defaultConfigurationName = Release;
		};
		438D15B921FFBFCB0001E86B /* Build configuration list for PBXNativeTarget "NantesTests" */ = {
			isa = XCConfigurationList;
			buildConfigurations = (
				438D15BA21FFBFCB0001E86B /* Debug */,
				438D15BB21FFBFCB0001E86B /* Release */,
			);
			defaultConfigurationIsVisible = 0;
			defaultConfigurationName = Release;
		};
/* End XCConfigurationList section */
	};
	rootObject = 438D159921FFBFCA0001E86B /* Project object */;
}
